// !$*UTF8*$!
{
	archiveVersion = 1;
	classes = {
	};
	objectVersion = 46;
	objects = {

/* Begin PBXBuildFile section */
		4B7A26A017ED1E550060D3C7 /* SynchroScrollView.m in Sources */ = {isa = PBXBuildFile; fileRef = 4B7A269F17ED1E550060D3C7 /* SynchroScrollView.m */; };
		4BEE279817E55EA200789E5D /* Cocoa.framework in Frameworks */ = {isa = PBXBuildFile; fileRef = 4BEE279717E55EA200789E5D /* Cocoa.framework */; };
		4BEE27A217E55EA200789E5D /* InfoPlist.strings in Resources */ = {isa = PBXBuildFile; fileRef = 4BEE27A017E55EA200789E5D /* InfoPlist.strings */; };
		4BEE27A417E55EA200789E5D /* main.m in Sources */ = {isa = PBXBuildFile; fileRef = 4BEE27A317E55EA200789E5D /* main.m */; };
		4BEE27A817E55EA200789E5D /* Credits.rtf in Resources */ = {isa = PBXBuildFile; fileRef = 4BEE27A617E55EA200789E5D /* Credits.rtf */; };
		4BEE27AB17E55EA200789E5D /* AppDelegate.m in Sources */ = {isa = PBXBuildFile; fileRef = 4BEE27AA17E55EA200789E5D /* AppDelegate.m */; };
		4BEE27AE17E55EA200789E5D /* MainMenu.xib in Resources */ = {isa = PBXBuildFile; fileRef = 4BEE27AC17E55EA200789E5D /* MainMenu.xib */; };
		4BEE27B117E55EA200789E5D /* LuXun.xcdatamodeld in Sources */ = {isa = PBXBuildFile; fileRef = 4BEE27AF17E55EA200789E5D /* LuXun.xcdatamodeld */; };
		4BEE27B317E55EA200789E5D /* Images.xcassets in Resources */ = {isa = PBXBuildFile; fileRef = 4BEE27B217E55EA200789E5D /* Images.xcassets */; };
		4BEE27BA17E55EA300789E5D /* XCTest.framework in Frameworks */ = {isa = PBXBuildFile; fileRef = 4BEE27B917E55EA300789E5D /* XCTest.framework */; };
		4BEE27BB17E55EA300789E5D /* Cocoa.framework in Frameworks */ = {isa = PBXBuildFile; fileRef = 4BEE279717E55EA200789E5D /* Cocoa.framework */; };
		4BEE27C317E55EA300789E5D /* InfoPlist.strings in Resources */ = {isa = PBXBuildFile; fileRef = 4BEE27C117E55EA300789E5D /* InfoPlist.strings */; };
		4BEE27C517E55EA300789E5D /* LuXunTests.m in Sources */ = {isa = PBXBuildFile; fileRef = 4BEE27C417E55EA300789E5D /* LuXunTests.m */; };
		4BEE27CD17E55EA300789E5D /* LuXunImporter.mdimporter in Resources */ = {isa = PBXBuildFile; fileRef = 4BEE27CA17E55EA300789E5D /* LuXunImporter.mdimporter */; };
		4BEE27CF17E55EA300789E5D /* CoreServices.framework in Frameworks */ = {isa = PBXBuildFile; fileRef = 4BEE27CE17E55EA300789E5D /* CoreServices.framework */; };
		4BEE27D117E55EA300789E5D /* CoreFoundation.framework in Frameworks */ = {isa = PBXBuildFile; fileRef = 4BEE27D017E55EA300789E5D /* CoreFoundation.framework */; };
		4BEE27D317E55EA300789E5D /* CoreData.framework in Frameworks */ = {isa = PBXBuildFile; fileRef = 4BEE27D217E55EA300789E5D /* CoreData.framework */; };
		4BEE27D517E55EA300789E5D /* Foundation.framework in Frameworks */ = {isa = PBXBuildFile; fileRef = 4BEE27D417E55EA300789E5D /* Foundation.framework */; };
		4BEE27DB17E55EA300789E5D /* InfoPlist.strings in Resources */ = {isa = PBXBuildFile; fileRef = 4BEE27D917E55EA300789E5D /* InfoPlist.strings */; };
		4BEE27DD17E55EA300789E5D /* main.c in Sources */ = {isa = PBXBuildFile; fileRef = 4BEE27DC17E55EA300789E5D /* main.c */; };
		4BEE27DF17E55EA300789E5D /* GetMetadataForFile.m in Sources */ = {isa = PBXBuildFile; fileRef = 4BEE27DE17E55EA300789E5D /* GetMetadataForFile.m */; };
		4BEE27E217E55EA300789E5D /* MySpotlightImporter.m in Sources */ = {isa = PBXBuildFile; fileRef = 4BEE27E117E55EA300789E5D /* MySpotlightImporter.m */; };
		4BEE27F617E585BC00789E5D /* CoreChineseEngine.framework in Frameworks */ = {isa = PBXBuildFile; fileRef = 4BEE27F517E585BC00789E5D /* CoreChineseEngine.framework */; };
		4BEE27F917E5866200789E5D /* CoreChineseEngine.framework in Frameworks */ = {isa = PBXBuildFile; fileRef = 4BEE27F517E585BC00789E5D /* CoreChineseEngine.framework */; };
/* End PBXBuildFile section */

/* Begin PBXContainerItemProxy section */
		4BEE27BC17E55EA300789E5D /* PBXContainerItemProxy */ = {
			isa = PBXContainerItemProxy;
			containerPortal = 4BEE278C17E55EA200789E5D /* Project object */;
			proxyType = 1;
			remoteGlobalIDString = 4BEE279317E55EA200789E5D;
			remoteInfo = LuXun;
		};
		4BEE27CB17E55EA300789E5D /* PBXContainerItemProxy */ = {
			isa = PBXContainerItemProxy;
			containerPortal = 4BEE278C17E55EA200789E5D /* Project object */;
			proxyType = 1;
			remoteGlobalIDString = 4BEE27C917E55EA300789E5D;
			remoteInfo = LuXunImporter;
		};
/* End PBXContainerItemProxy section */

/* Begin PBXFileReference section */
		4B7A269E17ED1E550060D3C7 /* SynchroScrollView.h */ = {isa = PBXFileReference; fileEncoding = 4; lastKnownFileType = sourcecode.c.h; path = SynchroScrollView.h; sourceTree = "<group>"; };
		4B7A269F17ED1E550060D3C7 /* SynchroScrollView.m */ = {isa = PBXFileReference; fileEncoding = 4; lastKnownFileType = sourcecode.c.objc; path = SynchroScrollView.m; sourceTree = "<group>"; };
		4BEE279417E55EA200789E5D /* LuXun.app */ = {isa = PBXFileReference; explicitFileType = wrapper.application; includeInIndex = 0; path = LuXun.app; sourceTree = BUILT_PRODUCTS_DIR; };
		4BEE279717E55EA200789E5D /* Cocoa.framework */ = {isa = PBXFileReference; lastKnownFileType = wrapper.framework; name = Cocoa.framework; path = System/Library/Frameworks/Cocoa.framework; sourceTree = SDKROOT; };
		4BEE279A17E55EA200789E5D /* AppKit.framework */ = {isa = PBXFileReference; lastKnownFileType = wrapper.framework; name = AppKit.framework; path = System/Library/Frameworks/AppKit.framework; sourceTree = SDKROOT; };
		4BEE279B17E55EA200789E5D /* CoreData.framework */ = {isa = PBXFileReference; lastKnownFileType = wrapper.framework; name = CoreData.framework; path = System/Library/Frameworks/CoreData.framework; sourceTree = SDKROOT; };
		4BEE279C17E55EA200789E5D /* Foundation.framework */ = {isa = PBXFileReference; lastKnownFileType = wrapper.framework; name = Foundation.framework; path = System/Library/Frameworks/Foundation.framework; sourceTree = SDKROOT; };
		4BEE279F17E55EA200789E5D /* LuXun-Info.plist */ = {isa = PBXFileReference; lastKnownFileType = text.plist.xml; path = "LuXun-Info.plist"; sourceTree = "<group>"; };
		4BEE27A117E55EA200789E5D /* en */ = {isa = PBXFileReference; lastKnownFileType = text.plist.strings; name = en; path = en.lproj/InfoPlist.strings; sourceTree = "<group>"; };
		4BEE27A317E55EA200789E5D /* main.m */ = {isa = PBXFileReference; lastKnownFileType = sourcecode.c.objc; path = main.m; sourceTree = "<group>"; };
		4BEE27A517E55EA200789E5D /* LuXun-Prefix.pch */ = {isa = PBXFileReference; lastKnownFileType = sourcecode.c.h; path = "LuXun-Prefix.pch"; sourceTree = "<group>"; };
		4BEE27A717E55EA200789E5D /* en */ = {isa = PBXFileReference; lastKnownFileType = text.rtf; name = en; path = en.lproj/Credits.rtf; sourceTree = "<group>"; };
		4BEE27A917E55EA200789E5D /* AppDelegate.h */ = {isa = PBXFileReference; lastKnownFileType = sourcecode.c.h; path = AppDelegate.h; sourceTree = "<group>"; };
		4BEE27AA17E55EA200789E5D /* AppDelegate.m */ = {isa = PBXFileReference; lastKnownFileType = sourcecode.c.objc; path = AppDelegate.m; sourceTree = "<group>"; };
		4BEE27AD17E55EA200789E5D /* Base */ = {isa = PBXFileReference; lastKnownFileType = file.xib; name = Base; path = Base.lproj/MainMenu.xib; sourceTree = "<group>"; };
		4BEE27B017E55EA200789E5D /* LuXun.xcdatamodel */ = {isa = PBXFileReference; lastKnownFileType = wrapper.xcdatamodel; path = LuXun.xcdatamodel; sourceTree = "<group>"; };
		4BEE27B217E55EA200789E5D /* Images.xcassets */ = {isa = PBXFileReference; lastKnownFileType = folder.assetcatalog; path = Images.xcassets; sourceTree = "<group>"; };
		4BEE27B817E55EA300789E5D /* LuXunTests.xctest */ = {isa = PBXFileReference; explicitFileType = wrapper.cfbundle; includeInIndex = 0; path = LuXunTests.xctest; sourceTree = BUILT_PRODUCTS_DIR; };
		4BEE27B917E55EA300789E5D /* XCTest.framework */ = {isa = PBXFileReference; lastKnownFileType = wrapper.framework; name = XCTest.framework; path = Library/Frameworks/XCTest.framework; sourceTree = DEVELOPER_DIR; };
		4BEE27C017E55EA300789E5D /* LuXunTests-Info.plist */ = {isa = PBXFileReference; lastKnownFileType = text.plist.xml; path = "LuXunTests-Info.plist"; sourceTree = "<group>"; };
		4BEE27C217E55EA300789E5D /* en */ = {isa = PBXFileReference; lastKnownFileType = text.plist.strings; name = en; path = en.lproj/InfoPlist.strings; sourceTree = "<group>"; };
		4BEE27C417E55EA300789E5D /* LuXunTests.m */ = {isa = PBXFileReference; lastKnownFileType = sourcecode.c.objc; path = LuXunTests.m; sourceTree = "<group>"; };
		4BEE27CA17E55EA300789E5D /* LuXunImporter.mdimporter */ = {isa = PBXFileReference; explicitFileType = wrapper.cfbundle; includeInIndex = 0; path = LuXunImporter.mdimporter; sourceTree = BUILT_PRODUCTS_DIR; };
		4BEE27CE17E55EA300789E5D /* CoreServices.framework */ = {isa = PBXFileReference; lastKnownFileType = wrapper.framework; name = CoreServices.framework; path = System/Library/Frameworks/CoreServices.framework; sourceTree = SDKROOT; };
		4BEE27D017E55EA300789E5D /* CoreFoundation.framework */ = {isa = PBXFileReference; lastKnownFileType = wrapper.framework; name = CoreFoundation.framework; path = System/Library/Frameworks/CoreFoundation.framework; sourceTree = SDKROOT; };
		4BEE27D217E55EA300789E5D /* CoreData.framework */ = {isa = PBXFileReference; lastKnownFileType = wrapper.framework; name = CoreData.framework; path = System/Library/Frameworks/CoreData.framework; sourceTree = SDKROOT; };
		4BEE27D417E55EA300789E5D /* Foundation.framework */ = {isa = PBXFileReference; lastKnownFileType = wrapper.framework; name = Foundation.framework; path = System/Library/Frameworks/Foundation.framework; sourceTree = SDKROOT; };
		4BEE27D817E55EA300789E5D /* LuXunImporter-Info.plist */ = {isa = PBXFileReference; lastKnownFileType = text.plist.xml; path = "LuXunImporter-Info.plist"; sourceTree = "<group>"; };
		4BEE27DA17E55EA300789E5D /* en */ = {isa = PBXFileReference; lastKnownFileType = text.plist.strings; name = en; path = en.lproj/InfoPlist.strings; sourceTree = "<group>"; };
		4BEE27DC17E55EA300789E5D /* main.c */ = {isa = PBXFileReference; lastKnownFileType = sourcecode.c.c; path = main.c; sourceTree = "<group>"; };
		4BEE27DE17E55EA300789E5D /* GetMetadataForFile.m */ = {isa = PBXFileReference; lastKnownFileType = sourcecode.c.objc; path = GetMetadataForFile.m; sourceTree = "<group>"; };
		4BEE27E017E55EA300789E5D /* MySpotlightImporter.h */ = {isa = PBXFileReference; lastKnownFileType = sourcecode.c.h; path = MySpotlightImporter.h; sourceTree = "<group>"; };
		4BEE27E117E55EA300789E5D /* MySpotlightImporter.m */ = {isa = PBXFileReference; lastKnownFileType = sourcecode.c.objc; path = MySpotlightImporter.m; sourceTree = "<group>"; };
		4BEE27E317E55EA300789E5D /* Importer Read Me.txt */ = {isa = PBXFileReference; lastKnownFileType = text; path = "Importer Read Me.txt"; sourceTree = "<group>"; };
		4BEE27E417E55EA300789E5D /* LuXunImporter-Prefix.pch */ = {isa = PBXFileReference; lastKnownFileType = sourcecode.c.h; path = "LuXunImporter-Prefix.pch"; sourceTree = "<group>"; };
		4BEE27F017E581F000789E5D /* CoreChineseEngine.h */ = {isa = PBXFileReference; fileEncoding = 4; lastKnownFileType = sourcecode.c.h; name = CoreChineseEngine.h; path = ../CoreChineseEngine.h; sourceTree = "<group>"; };
		4BEE27F517E585BC00789E5D /* CoreChineseEngine.framework */ = {isa = PBXFileReference; lastKnownFileType = wrapper.framework; path = CoreChineseEngine.framework; sourceTree = "<group>"; };
/* End PBXFileReference section */

/* Begin PBXFrameworksBuildPhase section */
		4BEE279117E55EA200789E5D /* Frameworks */ = {
			isa = PBXFrameworksBuildPhase;
			buildActionMask = 2147483647;
			files = (
				4BEE279817E55EA200789E5D /* Cocoa.framework in Frameworks */,
				4BEE27F617E585BC00789E5D /* CoreChineseEngine.framework in Frameworks */,
			);
			runOnlyForDeploymentPostprocessing = 0;
		};
		4BEE27B517E55EA300789E5D /* Frameworks */ = {
			isa = PBXFrameworksBuildPhase;
			buildActionMask = 2147483647;
			files = (
				4BEE27F917E5866200789E5D /* CoreChineseEngine.framework in Frameworks */,
				4BEE27BB17E55EA300789E5D /* Cocoa.framework in Frameworks */,
				4BEE27BA17E55EA300789E5D /* XCTest.framework in Frameworks */,
			);
			runOnlyForDeploymentPostprocessing = 0;
		};
		4BEE27C717E55EA300789E5D /* Frameworks */ = {
			isa = PBXFrameworksBuildPhase;
			buildActionMask = 2147483647;
			files = (
				4BEE27D117E55EA300789E5D /* CoreFoundation.framework in Frameworks */,
				4BEE27D317E55EA300789E5D /* CoreData.framework in Frameworks */,
				4BEE27CF17E55EA300789E5D /* CoreServices.framework in Frameworks */,
				4BEE27D517E55EA300789E5D /* Foundation.framework in Frameworks */,
			);
			runOnlyForDeploymentPostprocessing = 0;
		};
/* End PBXFrameworksBuildPhase section */

/* Begin PBXGroup section */
		4BEE278B17E55EA200789E5D = {
			isa = PBXGroup;
			children = (
				4BEE279D17E55EA200789E5D /* LuXun */,
				4BEE27BE17E55EA300789E5D /* LuXunTests */,
				4BEE27D617E55EA300789E5D /* LuXunImporter */,
				4BEE279617E55EA200789E5D /* Frameworks */,
				4BEE279517E55EA200789E5D /* Products */,
			);
			sourceTree = "<group>";
		};
		4BEE279517E55EA200789E5D /* Products */ = {
			isa = PBXGroup;
			children = (
				4BEE279417E55EA200789E5D /* LuXun.app */,
				4BEE27B817E55EA300789E5D /* LuXunTests.xctest */,
				4BEE27CA17E55EA300789E5D /* LuXunImporter.mdimporter */,
			);
			name = Products;
			sourceTree = "<group>";
		};
		4BEE279617E55EA200789E5D /* Frameworks */ = {
			isa = PBXGroup;
			children = (
				4BEE27F517E585BC00789E5D /* CoreChineseEngine.framework */,
				4BEE279717E55EA200789E5D /* Cocoa.framework */,
				4BEE27B917E55EA300789E5D /* XCTest.framework */,
				4BEE27CE17E55EA300789E5D /* CoreServices.framework */,
				4BEE27D017E55EA300789E5D /* CoreFoundation.framework */,
				4BEE27D217E55EA300789E5D /* CoreData.framework */,
				4BEE27D417E55EA300789E5D /* Foundation.framework */,
				4BEE279917E55EA200789E5D /* Other Frameworks */,
			);
			name = Frameworks;
			sourceTree = "<group>";
		};
		4BEE279917E55EA200789E5D /* Other Frameworks */ = {
			isa = PBXGroup;
			children = (
				4BEE279A17E55EA200789E5D /* AppKit.framework */,
				4BEE279B17E55EA200789E5D /* CoreData.framework */,
				4BEE279C17E55EA200789E5D /* Foundation.framework */,
			);
			name = "Other Frameworks";
			sourceTree = "<group>";
		};
		4BEE279D17E55EA200789E5D /* LuXun */ = {
			isa = PBXGroup;
			children = (
				4BEE27A917E55EA200789E5D /* AppDelegate.h */,
				4BEE27AA17E55EA200789E5D /* AppDelegate.m */,
				4B7A269E17ED1E550060D3C7 /* SynchroScrollView.h */,
				4B7A269F17ED1E550060D3C7 /* SynchroScrollView.m */,
				4BEE27AC17E55EA200789E5D /* MainMenu.xib */,
				4BEE27B217E55EA200789E5D /* Images.xcassets */,
				4BEE27AF17E55EA200789E5D /* LuXun.xcdatamodeld */,
				4BEE27F017E581F000789E5D /* CoreChineseEngine.h */,
				4BEE279E17E55EA200789E5D /* Supporting Files */,
			);
			path = LuXun;
			sourceTree = "<group>";
		};
		4BEE279E17E55EA200789E5D /* Supporting Files */ = {
			isa = PBXGroup;
			children = (
				4BEE279F17E55EA200789E5D /* LuXun-Info.plist */,
				4BEE27A017E55EA200789E5D /* InfoPlist.strings */,
				4BEE27A317E55EA200789E5D /* main.m */,
				4BEE27A517E55EA200789E5D /* LuXun-Prefix.pch */,
				4BEE27A617E55EA200789E5D /* Credits.rtf */,
			);
			name = "Supporting Files";
			sourceTree = "<group>";
		};
		4BEE27BE17E55EA300789E5D /* LuXunTests */ = {
			isa = PBXGroup;
			children = (
				4BEE27C417E55EA300789E5D /* LuXunTests.m */,
				4BEE27BF17E55EA300789E5D /* Supporting Files */,
			);
			path = LuXunTests;
			sourceTree = "<group>";
		};
		4BEE27BF17E55EA300789E5D /* Supporting Files */ = {
			isa = PBXGroup;
			children = (
				4BEE27C017E55EA300789E5D /* LuXunTests-Info.plist */,
				4BEE27C117E55EA300789E5D /* InfoPlist.strings */,
			);
			name = "Supporting Files";
			sourceTree = "<group>";
		};
		4BEE27D617E55EA300789E5D /* LuXunImporter */ = {
			isa = PBXGroup;
			children = (
				4BEE27DE17E55EA300789E5D /* GetMetadataForFile.m */,
				4BEE27E017E55EA300789E5D /* MySpotlightImporter.h */,
				4BEE27E117E55EA300789E5D /* MySpotlightImporter.m */,
				4BEE27E317E55EA300789E5D /* Importer Read Me.txt */,
				4BEE27D717E55EA300789E5D /* Supporting Files */,
			);
			path = LuXunImporter;
			sourceTree = "<group>";
		};
		4BEE27D717E55EA300789E5D /* Supporting Files */ = {
			isa = PBXGroup;
			children = (
				4BEE27D817E55EA300789E5D /* LuXunImporter-Info.plist */,
				4BEE27D917E55EA300789E5D /* InfoPlist.strings */,
				4BEE27DC17E55EA300789E5D /* main.c */,
				4BEE27E417E55EA300789E5D /* LuXunImporter-Prefix.pch */,
			);
			name = "Supporting Files";
			sourceTree = "<group>";
		};
/* End PBXGroup section */

/* Begin PBXNativeTarget section */
		4BEE279317E55EA200789E5D /* LuXun */ = {
			isa = PBXNativeTarget;
			buildConfigurationList = 4BEE27EA17E55EA300789E5D /* Build configuration list for PBXNativeTarget "LuXun" */;
			buildPhases = (
				4BEE279017E55EA200789E5D /* Sources */,
				4BEE279117E55EA200789E5D /* Frameworks */,
				4BEE279217E55EA200789E5D /* Resources */,
			);
			buildRules = (
			);
			dependencies = (
				4BEE27CC17E55EA300789E5D /* PBXTargetDependency */,
			);
			name = LuXun;
			productName = LuXun;
			productReference = 4BEE279417E55EA200789E5D /* LuXun.app */;
			productType = "com.apple.product-type.application";
		};
		4BEE27B717E55EA300789E5D /* LuXunTests */ = {
			isa = PBXNativeTarget;
			buildConfigurationList = 4BEE27ED17E55EA300789E5D /* Build configuration list for PBXNativeTarget "LuXunTests" */;
			buildPhases = (
				4BEE27B417E55EA300789E5D /* Sources */,
				4BEE27B517E55EA300789E5D /* Frameworks */,
				4BEE27B617E55EA300789E5D /* Resources */,
			);
			buildRules = (
			);
			dependencies = (
				4BEE27BD17E55EA300789E5D /* PBXTargetDependency */,
			);
			name = LuXunTests;
			productName = LuXunTests;
			productReference = 4BEE27B817E55EA300789E5D /* LuXunTests.xctest */;
			productType = "com.apple.product-type.bundle.unit-test";
		};
		4BEE27C917E55EA300789E5D /* LuXunImporter */ = {
			isa = PBXNativeTarget;
			buildConfigurationList = 4BEE27E717E55EA300789E5D /* Build configuration list for PBXNativeTarget "LuXunImporter" */;
			buildPhases = (
				4BEE27C617E55EA300789E5D /* Sources */,
				4BEE27C717E55EA300789E5D /* Frameworks */,
				4BEE27C817E55EA300789E5D /* Resources */,
			);
			buildRules = (
			);
			dependencies = (
			);
			name = LuXunImporter;
			productName = LuXunImporter;
			productReference = 4BEE27CA17E55EA300789E5D /* LuXunImporter.mdimporter */;
			productType = "com.apple.product-type.bundle";
		};
/* End PBXNativeTarget section */

/* Begin PBXProject section */
		4BEE278C17E55EA200789E5D /* Project object */ = {
			isa = PBXProject;
			attributes = {
				LastUpgradeCheck = 0500;
				ORGANIZATIONNAME = demo;
				TargetAttributes = {
					4BEE27B717E55EA300789E5D = {
						TestTargetID = 4BEE279317E55EA200789E5D;
					};
				};
			};
			buildConfigurationList = 4BEE278F17E55EA200789E5D /* Build configuration list for PBXProject "LuXun" */;
			compatibilityVersion = "Xcode 3.2";
			developmentRegion = English;
			hasScannedForEncodings = 0;
			knownRegions = (
				en,
				Base,
			);
			mainGroup = 4BEE278B17E55EA200789E5D;
			productRefGroup = 4BEE279517E55EA200789E5D /* Products */;
			projectDirPath = "";
			projectRoot = "";
			targets = (
				4BEE279317E55EA200789E5D /* LuXun */,
				4BEE27B717E55EA300789E5D /* LuXunTests */,
				4BEE27C917E55EA300789E5D /* LuXunImporter */,
			);
		};
/* End PBXProject section */

/* Begin PBXResourcesBuildPhase section */
		4BEE279217E55EA200789E5D /* Resources */ = {
			isa = PBXResourcesBuildPhase;
			buildActionMask = 2147483647;
			files = (
				4BEE27A217E55EA200789E5D /* InfoPlist.strings in Resources */,
				4BEE27B317E55EA200789E5D /* Images.xcassets in Resources */,
				4BEE27CD17E55EA300789E5D /* LuXunImporter.mdimporter in Resources */,
				4BEE27A817E55EA200789E5D /* Credits.rtf in Resources */,
				4BEE27AE17E55EA200789E5D /* MainMenu.xib in Resources */,
			);
			runOnlyForDeploymentPostprocessing = 0;
		};
		4BEE27B617E55EA300789E5D /* Resources */ = {
			isa = PBXResourcesBuildPhase;
			buildActionMask = 2147483647;
			files = (
				4BEE27C317E55EA300789E5D /* InfoPlist.strings in Resources */,
			);
			runOnlyForDeploymentPostprocessing = 0;
		};
		4BEE27C817E55EA300789E5D /* Resources */ = {
			isa = PBXResourcesBuildPhase;
			buildActionMask = 2147483647;
			files = (
				4BEE27DB17E55EA300789E5D /* InfoPlist.strings in Resources */,
			);
			runOnlyForDeploymentPostprocessing = 0;
		};
/* End PBXResourcesBuildPhase section */

/* Begin PBXSourcesBuildPhase section */
		4BEE279017E55EA200789E5D /* Sources */ = {
			isa = PBXSourcesBuildPhase;
			buildActionMask = 2147483647;
			files = (
				4BEE27B117E55EA200789E5D /* LuXun.xcdatamodeld in Sources */,
				4BEE27AB17E55EA200789E5D /* AppDelegate.m in Sources */,
				4B7A26A017ED1E550060D3C7 /* SynchroScrollView.m in Sources */,
				4BEE27A417E55EA200789E5D /* main.m in Sources */,
			);
			runOnlyForDeploymentPostprocessing = 0;
		};
		4BEE27B417E55EA300789E5D /* Sources */ = {
			isa = PBXSourcesBuildPhase;
			buildActionMask = 2147483647;
			files = (
				4BEE27C517E55EA300789E5D /* LuXunTests.m in Sources */,
			);
			runOnlyForDeploymentPostprocessing = 0;
		};
		4BEE27C617E55EA300789E5D /* Sources */ = {
			isa = PBXSourcesBuildPhase;
			buildActionMask = 2147483647;
			files = (
				4BEE27E217E55EA300789E5D /* MySpotlightImporter.m in Sources */,
				4BEE27DD17E55EA300789E5D /* main.c in Sources */,
				4BEE27DF17E55EA300789E5D /* GetMetadataForFile.m in Sources */,
			);
			runOnlyForDeploymentPostprocessing = 0;
		};
/* End PBXSourcesBuildPhase section */

/* Begin PBXTargetDependency section */
		4BEE27BD17E55EA300789E5D /* PBXTargetDependency */ = {
			isa = PBXTargetDependency;
			target = 4BEE279317E55EA200789E5D /* LuXun */;
			targetProxy = 4BEE27BC17E55EA300789E5D /* PBXContainerItemProxy */;
		};
		4BEE27CC17E55EA300789E5D /* PBXTargetDependency */ = {
			isa = PBXTargetDependency;
			target = 4BEE27C917E55EA300789E5D /* LuXunImporter */;
			targetProxy = 4BEE27CB17E55EA300789E5D /* PBXContainerItemProxy */;
		};
/* End PBXTargetDependency section */

/* Begin PBXVariantGroup section */
		4BEE27A017E55EA200789E5D /* InfoPlist.strings */ = {
			isa = PBXVariantGroup;
			children = (
				4BEE27A117E55EA200789E5D /* en */,
			);
			name = InfoPlist.strings;
			sourceTree = "<group>";
		};
		4BEE27A617E55EA200789E5D /* Credits.rtf */ = {
			isa = PBXVariantGroup;
			children = (
				4BEE27A717E55EA200789E5D /* en */,
			);
			name = Credits.rtf;
			sourceTree = "<group>";
		};
		4BEE27AC17E55EA200789E5D /* MainMenu.xib */ = {
			isa = PBXVariantGroup;
			children = (
				4BEE27AD17E55EA200789E5D /* Base */,
			);
			name = MainMenu.xib;
			sourceTree = "<group>";
		};
		4BEE27C117E55EA300789E5D /* InfoPlist.strings */ = {
			isa = PBXVariantGroup;
			children = (
				4BEE27C217E55EA300789E5D /* en */,
			);
			name = InfoPlist.strings;
			sourceTree = "<group>";
		};
		4BEE27D917E55EA300789E5D /* InfoPlist.strings */ = {
			isa = PBXVariantGroup;
			children = (
				4BEE27DA17E55EA300789E5D /* en */,
			);
			name = InfoPlist.strings;
			sourceTree = "<group>";
		};
/* End PBXVariantGroup section */

/* Begin XCBuildConfiguration section */
		4BEE27E517E55EA300789E5D /* Debug */ = {
			isa = XCBuildConfiguration;
			buildSettings = {
				ALWAYS_SEARCH_USER_PATHS = NO;
				CLANG_CXX_LANGUAGE_STANDARD = "gnu++0x";
				CLANG_CXX_LIBRARY = "libc++";
				CLANG_ENABLE_OBJC_ARC = YES;
				CLANG_WARN_BOOL_CONVERSION = YES;
				CLANG_WARN_CONSTANT_CONVERSION = YES;
				CLANG_WARN_DIRECT_OBJC_ISA_USAGE = YES_ERROR;
				CLANG_WARN_EMPTY_BODY = YES;
				CLANG_WARN_ENUM_CONVERSION = YES;
				CLANG_WARN_INT_CONVERSION = YES;
				CLANG_WARN_OBJC_ROOT_CLASS = YES_ERROR;
				CLANG_WARN__DUPLICATE_METHOD_MATCH = YES;
				COPY_PHASE_STRIP = NO;
				GCC_C_LANGUAGE_STANDARD = gnu99;
				GCC_DYNAMIC_NO_PIC = NO;
				GCC_ENABLE_OBJC_EXCEPTIONS = YES;
				GCC_OPTIMIZATION_LEVEL = 0;
				GCC_PREPROCESSOR_DEFINITIONS = (
					"DEBUG=1",
					"$(inherited)",
				);
				GCC_SYMBOLS_PRIVATE_EXTERN = NO;
				GCC_WARN_64_TO_32_BIT_CONVERSION = YES;
				GCC_WARN_ABOUT_RETURN_TYPE = YES_ERROR;
				GCC_WARN_UNDECLARED_SELECTOR = YES;
				GCC_WARN_UNINITIALIZED_AUTOS = YES;
				GCC_WARN_UNUSED_FUNCTION = YES;
				GCC_WARN_UNUSED_VARIABLE = YES;
				MACOSX_DEPLOYMENT_TARGET = 10.8;
				ONLY_ACTIVE_ARCH = YES;
				SDKROOT = macosx;
			};
			name = Debug;
		};
		4BEE27E617E55EA300789E5D /* Release */ = {
			isa = XCBuildConfiguration;
			buildSettings = {
				ALWAYS_SEARCH_USER_PATHS = NO;
				CLANG_CXX_LANGUAGE_STANDARD = "gnu++0x";
				CLANG_CXX_LIBRARY = "libc++";
				CLANG_ENABLE_OBJC_ARC = YES;
				CLANG_WARN_BOOL_CONVERSION = YES;
				CLANG_WARN_CONSTANT_CONVERSION = YES;
				CLANG_WARN_DIRECT_OBJC_ISA_USAGE = YES_ERROR;
				CLANG_WARN_EMPTY_BODY = YES;
				CLANG_WARN_ENUM_CONVERSION = YES;
				CLANG_WARN_INT_CONVERSION = YES;
				CLANG_WARN_OBJC_ROOT_CLASS = YES_ERROR;
				CLANG_WARN__DUPLICATE_METHOD_MATCH = YES;
				COPY_PHASE_STRIP = YES;
				DEBUG_INFORMATION_FORMAT = "dwarf-with-dsym";
				ENABLE_NS_ASSERTIONS = NO;
				GCC_C_LANGUAGE_STANDARD = gnu99;
				GCC_ENABLE_OBJC_EXCEPTIONS = YES;
				GCC_WARN_64_TO_32_BIT_CONVERSION = YES;
				GCC_WARN_ABOUT_RETURN_TYPE = YES_ERROR;
				GCC_WARN_UNDECLARED_SELECTOR = YES;
				GCC_WARN_UNINITIALIZED_AUTOS = YES;
				GCC_WARN_UNUSED_FUNCTION = YES;
				GCC_WARN_UNUSED_VARIABLE = YES;
				MACOSX_DEPLOYMENT_TARGET = 10.8;
				SDKROOT = macosx;
			};
			name = Release;
		};
		4BEE27E817E55EA300789E5D /* Debug */ = {
			isa = XCBuildConfiguration;
			buildSettings = {
				ALWAYS_SEARCH_USER_PATHS = YES;
				COMBINE_HIDPI_IMAGES = YES;
				GCC_PRECOMPILE_PREFIX_HEADER = YES;
				GCC_PREFIX_HEADER = "LuXunImporter/LuXunImporter-Prefix.pch";
				GCC_PREPROCESSOR_DEFINITIONS = (
					"DEBUG=1",
					"$(inherited)",
				);
				INFOPLIST_FILE = "LuXunImporter/LuXunImporter-Info.plist";
				INSTALL_PATH = "@executable_path/../Contents/Library/Spotlight";
				LIBRARY_STYLE = BUNDLE;
				PRODUCT_NAME = "$(TARGET_NAME)";
				SKIP_INSTALL = YES;
				WRAPPER_EXTENSION = mdimporter;
			};
			name = Debug;
		};
		4BEE27E917E55EA300789E5D /* Release */ = {
			isa = XCBuildConfiguration;
			buildSettings = {
				ALWAYS_SEARCH_USER_PATHS = YES;
				COMBINE_HIDPI_IMAGES = YES;
				GCC_PRECOMPILE_PREFIX_HEADER = YES;
				GCC_PREFIX_HEADER = "LuXunImporter/LuXunImporter-Prefix.pch";
				INFOPLIST_FILE = "LuXunImporter/LuXunImporter-Info.plist";
				INSTALL_PATH = "@executable_path/../Contents/Library/Spotlight";
				LIBRARY_STYLE = BUNDLE;
				PRODUCT_NAME = "$(TARGET_NAME)";
				SKIP_INSTALL = YES;
				WRAPPER_EXTENSION = mdimporter;
			};
			name = Release;
		};
		4BEE27EB17E55EA300789E5D /* Debug */ = {
			isa = XCBuildConfiguration;
			buildSettings = {
				ASSETCATALOG_COMPILER_APPICON_NAME = AppIcon;
				COMBINE_HIDPI_IMAGES = YES;
				FRAMEWORK_SEARCH_PATHS = (
					"$(inherited)",
					"$(SYSTEM_LIBRARY_DIR)/PrivateFrameworks",
					/Users/jsa/Developer/LuXun,
				);
				GCC_PRECOMPILE_PREFIX_HEADER = YES;
				GCC_PREFIX_HEADER = "LuXun/LuXun-Prefix.pch";
				INFOPLIST_FILE = "LuXun/LuXun-Info.plist";
				LIBRARY_SEARCH_PATHS = (
					"$(inherited)",
					"$(SYSTEM_LIBRARY_DIR)/PrivateFrameworks/CoreChineseEngine.framework/Versions/A",
				);
				PRODUCT_NAME = "$(TARGET_NAME)";
				WRAPPER_EXTENSION = app;
			};
			name = Debug;
		};
		4BEE27EC17E55EA300789E5D /* Release */ = {
			isa = XCBuildConfiguration;
			buildSettings = {
				ASSETCATALOG_COMPILER_APPICON_NAME = AppIcon;
				COMBINE_HIDPI_IMAGES = YES;
				FRAMEWORK_SEARCH_PATHS = (
					"$(inherited)",
					"$(SYSTEM_LIBRARY_DIR)/PrivateFrameworks",
					/Users/jsa/Developer/LuXun,
				);
				GCC_PRECOMPILE_PREFIX_HEADER = YES;
				GCC_PREFIX_HEADER = "LuXun/LuXun-Prefix.pch";
				INFOPLIST_FILE = "LuXun/LuXun-Info.plist";
				LIBRARY_SEARCH_PATHS = (
					"$(inherited)",
					"$(SYSTEM_LIBRARY_DIR)/PrivateFrameworks/CoreChineseEngine.framework/Versions/A",
				);
				PRODUCT_NAME = "$(TARGET_NAME)";
				WRAPPER_EXTENSION = app;
			};
			name = Release;
		};
		4BEE27EE17E55EA300789E5D /* Debug */ = {
			isa = XCBuildConfiguration;
			buildSettings = {
				BUNDLE_LOADER = "$(BUILT_PRODUCTS_DIR)/LuXun.app/Contents/MacOS/LuXun";
				COMBINE_HIDPI_IMAGES = YES;
				FRAMEWORK_SEARCH_PATHS = (
					"$(DEVELOPER_FRAMEWORKS_DIR)",
					"$(inherited)",
					"$(SYSTEM_LIBRARY_DIR)/PrivateFrameworks",
					/Users/jsa/Developer/LuXun,
				);
				GCC_PRECOMPILE_PREFIX_HEADER = YES;
				GCC_PREFIX_HEADER = "LuXun/LuXun-Prefix.pch";
				GCC_PREPROCESSOR_DEFINITIONS = (
					"DEBUG=1",
					"$(inherited)",
				);
				INFOPLIST_FILE = "LuXunTests/LuXunTests-Info.plist";
				PRODUCT_NAME = "$(TARGET_NAME)";
				TEST_HOST = "$(BUNDLE_LOADER)";
				WRAPPER_EXTENSION = xctest;
			};
			name = Debug;
		};
		4BEE27EF17E55EA300789E5D /* Release */ = {
			isa = XCBuildConfiguration;
			buildSettings = {
				BUNDLE_LOADER = "$(BUILT_PRODUCTS_DIR)/LuXun.app/Contents/MacOS/LuXun";
				COMBINE_HIDPI_IMAGES = YES;
				FRAMEWORK_SEARCH_PATHS = (
					"$(DEVELOPER_FRAMEWORKS_DIR)",
					"$(inherited)",
					"$(SYSTEM_LIBRARY_DIR)/PrivateFrameworks",
					/Users/jsa/Developer/LuXun,
				);
				GCC_PRECOMPILE_PREFIX_HEADER = YES;
				GCC_PREFIX_HEADER = "LuXun/LuXun-Prefix.pch";
				INFOPLIST_FILE = "LuXunTests/LuXunTests-Info.plist";
				PRODUCT_NAME = "$(TARGET_NAME)";
				TEST_HOST = "$(BUNDLE_LOADER)";
				WRAPPER_EXTENSION = xctest;
			};
			name = Release;
		};
/* End XCBuildConfiguration section */

/* Begin XCConfigurationList section */
		4BEE278F17E55EA200789E5D /* Build configuration list for PBXProject "LuXun" */ = {
			isa = XCConfigurationList;
			buildConfigurations = (
				4BEE27E517E55EA300789E5D /* Debug */,
				4BEE27E617E55EA300789E5D /* Release */,
			);
			defaultConfigurationIsVisible = 0;
			defaultConfigurationName = Release;
		};
		4BEE27E717E55EA300789E5D /* Build configuration list for PBXNativeTarget "LuXunImporter" */ = {
			isa = XCConfigurationList;
			buildConfigurations = (
				4BEE27E817E55EA300789E5D /* Debug */,
				4BEE27E917E55EA300789E5D /* Release */,
			);
			defaultConfigurationIsVisible = 0;
			defaultConfigurationName = Release;
		};
		4BEE27EA17E55EA300789E5D /* Build configuration list for PBXNativeTarget "LuXun" */ = {
			isa = XCConfigurationList;
			buildConfigurations = (
				4BEE27EB17E55EA300789E5D /* Debug */,
				4BEE27EC17E55EA300789E5D /* Release */,
			);
			defaultConfigurationIsVisible = 0;
			defaultConfigurationName = Release;
		};
		4BEE27ED17E55EA300789E5D /* Build configuration list for PBXNativeTarget "LuXunTests" */ = {
			isa = XCConfigurationList;
			buildConfigurations = (
				4BEE27EE17E55EA300789E5D /* Debug */,
				4BEE27EF17E55EA300789E5D /* Release */,
			);
			defaultConfigurationIsVisible = 0;
			defaultConfigurationName = Release;
		};
/* End XCConfigurationList section */

/* Begin XCVersionGroup section */
		4BEE27AF17E55EA200789E5D /* LuXun.xcdatamodeld */ = {
			isa = XCVersionGroup;
			children = (
				4BEE27B017E55EA200789E5D /* LuXun.xcdatamodel */,
			);
			currentVersion = 4BEE27B017E55EA200789E5D /* LuXun.xcdatamodel */;
			path = LuXun.xcdatamodeld;
			sourceTree = "<group>";
			versionGroupType = wrapper.xcdatamodel;
		};
/* End XCVersionGroup section */
	};
	rootObject = 4BEE278C17E55EA200789E5D /* Project object */;
}
